PODS:
  - AFNetworking (3.1.0):
    - AFNetworking/NSURLSession (= 3.1.0)
    - AFNetworking/Reachability (= 3.1.0)
    - AFNetworking/Security (= 3.1.0)
    - AFNetworking/Serialization (= 3.1.0)
    - AFNetworking/UIKit (= 3.1.0)
  - AFNetworking/NSURLSession (3.1.0):
    - AFNetworking/Reachability
    - AFNetworking/Security
    - AFNetworking/Serialization
  - AFNetworking/Reachability (3.1.0)
  - AFNetworking/Security (3.1.0)
  - AFNetworking/Serialization (3.1.0)
  - AFNetworking/UIKit (3.1.0):
    - AFNetworking/NSURLSession
  - AMap2DMap-NO-IDFA (4.6.0):
    - AMapFoundation-NO-IDFA (~> 1.3)
  - AMapFoundation-NO-IDFA (1.4.2)
  - AMapLocation-NO-IDFA (2.4.0):
    - AMapFoundation-NO-IDFA (~> 1.4)
  - AMapSearch-NO-IDFA (5.3.0):
    - AMapFoundation-NO-IDFA (~> 1.2)
  - DACircularProgress (2.3.1)
  - MBProgressHUD (1.0.0)
  - MJExtension (3.0.13)
  - MJRefresh (3.1.12)
  - MWPhotoBrowser (1.3.1):
    - DACircularProgress
    - MBProgressHUD
    - PSTCollectionView (~> 1.2)
    - SDWebImage (~> 3.5.4)
  - PSTCollectionView (1.2.3)
  - SDWebImage (3.5.4):
    - SDWebImage/Core (= 3.5.4)
  - SDWebImage/Core (3.5.4)
  - SVProgressHUD (2.1.2)
  - TZImagePickerController (1.9.0)
  - WXSTransition (1.2.1)
  - YYKit (1.0.9):
    - YYKit/no-arc (= 1.0.9)
  - YYKit/no-arc (1.0.9)

DEPENDENCIES:
  - AFNetworking
  - AMap2DMap-NO-IDFA
  - AMapLocation-NO-IDFA
  - AMapSearch-NO-IDFA
  - MBProgressHUD
  - MJExtension
  - MJRefresh
  - MWPhotoBrowser
  - SVProgressHUD
  - TZImagePickerController
  - WXSTransition
  - YYKit

SPEC CHECKSUMS:
  AFNetworking: 5e0e199f73d8626b11e79750991f5d173d1f8b67
  AMap2DMap-NO-IDFA: 01c80e7e93568617b1b1b452cfec71f974f5bc8a
  AMapFoundation-NO-IDFA: 3b9ce87abc6a37c718cc320687469d0b74d5c953
  AMapLocation-NO-IDFA: 9493012d3241a7d551942c7c1e1069b51f295083
  AMapSearch-NO-IDFA: eb0f9b424e6c3cdcb0e8c656e9622e8d0ee54238
  DACircularProgress: 4dd437c0fc3da5161cb289e07ac449493d41db71
  MBProgressHUD: 4890f671c94e8a0f3cf959aa731e9de2f036d71a
  MJExtension: 5932755f451458eefa24239358817f8d291240c7
  MJRefresh: b96cdb21c4aa75a7b07654311ab2f315c497e806
  MWPhotoBrowser: 21c403da4f44043e0cd2cd27a6fd30a7f4c431c1
  PSTCollectionView: 6749df92885353521f55279a7ce2b293762e2be4
  SDWebImage: 32ca144928625f9a04d561115028cf6db3aa7b63
  SVProgressHUD: c404a55d78acbeb7ebb78b76d3faf986475a6994
  TZImagePickerController: bc07d7403e6afae71591aa551978a9cfbc183b8b
  WXSTransition: 0bd758aaa1f5869a908b1bb103c4a9e26ad1d3eb
  YYKit: 7cda43304a8dc3696c449041e2cb3107b4e236e7

PODFILE CHECKSUM: 97bd8eba705893a47ecae0697871a66285ceb2ad

COCOAPODS: 1.2.1
